// !$*UTF8*$!
{
	archiveVersion = 1;
	classes = {
	};
	objectVersion = 77;
	objects = {

/* Begin PBXBuildFile section */
		F08444232DC18B0500597400 /* StoreKit.framework in Frameworks */ = {isa = PBXBuildFile; fileRef = F08444222DC18B0500597400 /* StoreKit.framework */; };
/* End PBXBuildFile section */

/* Begin PBXContainerItemProxy section */
		F045AA932D7DE2BA009DECE1 /* PBXContainerItemProxy */ = {
			isa = PBXContainerItemProxy;
			containerPortal = F045AA7C2D7DE2B8009DECE1 /* Project object */;
			proxyType = 1;
			remoteGlobalIDString = F045AA832D7DE2B8009DECE1;
			remoteInfo = WildSparks;
		};
		F045AA9D2D7DE2BA009DECE1 /* PBXContainerItemProxy */ = {
			isa = PBXContainerItemProxy;
			containerPortal = F045AA7C2D7DE2B8009DECE1 /* Project object */;
			proxyType = 1;
			remoteGlobalIDString = F045AA832D7DE2B8009DECE1;
			remoteInfo = WildSparks;
		};
/* End PBXContainerItemProxy section */

/* Begin PBXFileReference section */
		F045AA842D7DE2B8009DECE1 /* WildSparks.app */ = {isa = PBXFileReference; explicitFileType = wrapper.application; includeInIndex = 0; path = WildSparks.app; sourceTree = BUILT_PRODUCTS_DIR; };
		F045AA922D7DE2BA009DECE1 /* WildSparksTests.xctest */ = {isa = PBXFileReference; explicitFileType = wrapper.cfbundle; includeInIndex = 0; path = WildSparksTests.xctest; sourceTree = BUILT_PRODUCTS_DIR; };
		F045AA9C2D7DE2BA009DECE1 /* WildSparksUITests.xctest */ = {isa = PBXFileReference; explicitFileType = wrapper.cfbundle; includeInIndex = 0; path = WildSparksUITests.xctest; sourceTree = BUILT_PRODUCTS_DIR; };
		F08444222DC18B0500597400 /* StoreKit.framework */ = {isa = PBXFileReference; lastKnownFileType = wrapper.framework; name = StoreKit.framework; path = System/Library/Frameworks/StoreKit.framework; sourceTree = SDKROOT; };
/* End PBXFileReference section */

/* Begin PBXFileSystemSynchronizedBuildFileExceptionSet section */
		F045AAD22D808BF7009DECE1 /* Exceptions for "WildSparks" folder in "WildSparks" target */ = {
			isa = PBXFileSystemSynchronizedBuildFileExceptionSet;
			membershipExceptions = (
				Info.plist,
			);
			target = F045AA832D7DE2B8009DECE1 /* WildSparks */;
		};
/* End PBXFileSystemSynchronizedBuildFileExceptionSet section */

/* Begin PBXFileSystemSynchronizedRootGroup section */
		F045AA862D7DE2B8009DECE1 /* WildSparks */ = {
			isa = PBXFileSystemSynchronizedRootGroup;
			exceptions = (
				F045AAD22D808BF7009DECE1 /* Exceptions for "WildSparks" folder in "WildSparks" target */,
			);
			path = WildSparks;
			sourceTree = "<group>";
		};
		F045AA952D7DE2BA009DECE1 /* WildSparksTests */ = {
			isa = PBXFileSystemSynchronizedRootGroup;
			path = WildSparksTests;
			sourceTree = "<group>";
		};
		F045AA9F2D7DE2BA009DECE1 /* WildSparksUITests */ = {
			isa = PBXFileSystemSynchronizedRootGroup;
			path = WildSparksUITests;
			sourceTree = "<group>";
		};
/* End PBXFileSystemSynchronizedRootGroup section */

/* Begin PBXFrameworksBuildPhase section */
		F045AA812D7DE2B8009DECE1 /* Frameworks */ = {
			isa = PBXFrameworksBuildPhase;
			buildActionMask = 2147483647;
			files = (
				F08444232DC18B0500597400 /* StoreKit.framework in Frameworks */,
			);
			runOnlyForDeploymentPostprocessing = 0;
		};
		F045AA8F2D7DE2BA009DECE1 /* Frameworks */ = {
			isa = PBXFrameworksBuildPhase;
			buildActionMask = 2147483647;
			files = (
			);
			runOnlyForDeploymentPostprocessing = 0;
		};
		F045AA992D7DE2BA009DECE1 /* Frameworks */ = {
			isa = PBXFrameworksBuildPhase;
			buildActionMask = 2147483647;
			files = (
			);
			runOnlyForDeploymentPostprocessing = 0;
		};
/* End PBXFrameworksBuildPhase section */

/* Begin PBXGroup section */
		F045AA7B2D7DE2B8009DECE1 = {
			isa = PBXGroup;
			children = (
				F045AA862D7DE2B8009DECE1 /* WildSparks */,
				F045AA952D7DE2BA009DECE1 /* WildSparksTests */,
				F045AA9F2D7DE2BA009DECE1 /* WildSparksUITests */,
				F08444212DC18B0500597400 /* Frameworks */,
				F045AA852D7DE2B8009DECE1 /* Products */,
			);
			sourceTree = "<group>";
		};
		F045AA852D7DE2B8009DECE1 /* Products */ = {
			isa = PBXGroup;
			children = (
				F045AA842D7DE2B8009DECE1 /* WildSparks.app */,
				F045AA922D7DE2BA009DECE1 /* WildSparksTests.xctest */,
				F045AA9C2D7DE2BA009DECE1 /* WildSparksUITests.xctest */,
			);
			name = Products;
			sourceTree = "<group>";
		};
		F08444212DC18B0500597400 /* Frameworks */ = {
			isa = PBXGroup;
			children = (
				F08444222DC18B0500597400 /* StoreKit.framework */,
			);
			name = Frameworks;
			sourceTree = "<group>";
		};
/* End PBXGroup section */

/* Begin PBXNativeTarget section */
		F045AA832D7DE2B8009DECE1 /* WildSparks */ = {
			isa = PBXNativeTarget;
			buildConfigurationList = F045AAA62D7DE2BA009DECE1 /* Build configuration list for PBXNativeTarget "WildSparks" */;
			buildPhases = (
				F045AA802D7DE2B8009DECE1 /* Sources */,
				F045AA812D7DE2B8009DECE1 /* Frameworks */,
				F045AA822D7DE2B8009DECE1 /* Resources */,
			);
			buildRules = (
			);
			dependencies = (
			);
			fileSystemSynchronizedGroups = (
				F045AA862D7DE2B8009DECE1 /* WildSparks */,
			);
			name = WildSparks;
			packageProductDependencies = (
			);
			productName = WildSparks;
			productReference = F045AA842D7DE2B8009DECE1 /* WildSparks.app */;
			productType = "com.apple.product-type.application";
		};
		F045AA912D7DE2BA009DECE1 /* WildSparksTests */ = {
			isa = PBXNativeTarget;
			buildConfigurationList = F045AAA92D7DE2BA009DECE1 /* Build configuration list for PBXNativeTarget "WildSparksTests" */;
			buildPhases = (
				F045AA8E2D7DE2BA009DECE1 /* Sources */,
				F045AA8F2D7DE2BA009DECE1 /* Frameworks */,
				F045AA902D7DE2BA009DECE1 /* Resources */,
			);
			buildRules = (
			);
			dependencies = (
				F045AA942D7DE2BA009DECE1 /* PBXTargetDependency */,
			);
			fileSystemSynchronizedGroups = (
				F045AA952D7DE2BA009DECE1 /* WildSparksTests */,
			);
			name = WildSparksTests;
			packageProductDependencies = (
			);
			productName = WildSparksTests;
			productReference = F045AA922D7DE2BA009DECE1 /* WildSparksTests.xctest */;
			productType = "com.apple.product-type.bundle.unit-test";
		};
		F045AA9B2D7DE2BA009DECE1 /* WildSparksUITests */ = {
			isa = PBXNativeTarget;
			buildConfigurationList = F045AAAC2D7DE2BA009DECE1 /* Build configuration list for PBXNativeTarget "WildSparksUITests" */;
			buildPhases = (
				F045AA982D7DE2BA009DECE1 /* Sources */,
				F045AA992D7DE2BA009DECE1 /* Frameworks */,
				F045AA9A2D7DE2BA009DECE1 /* Resources */,
			);
			buildRules = (
			);
			dependencies = (
				F045AA9E2D7DE2BA009DECE1 /* PBXTargetDependency */,
			);
			fileSystemSynchronizedGroups = (
				F045AA9F2D7DE2BA009DECE1 /* WildSparksUITests */,
			);
			name = WildSparksUITests;
			packageProductDependencies = (
			);
			productName = WildSparksUITests;
			productReference = F045AA9C2D7DE2BA009DECE1 /* WildSparksUITests.xctest */;
			productType = "com.apple.product-type.bundle.ui-testing";
		};
/* End PBXNativeTarget section */

/* Begin PBXProject section */
		F045AA7C2D7DE2B8009DECE1 /* Project object */ = {
			isa = PBXProject;
			attributes = {
				BuildIndependentTargetsInParallel = 1;
				LastSwiftUpdateCheck = 1630;
				LastUpgradeCheck = 1630;
				TargetAttributes = {
					F045AA832D7DE2B8009DECE1 = {
						CreatedOnToolsVersion = 16.3;
					};
					F045AA912D7DE2BA009DECE1 = {
						CreatedOnToolsVersion = 16.3;
						TestTargetID = F045AA832D7DE2B8009DECE1;
					};
					F045AA9B2D7DE2BA009DECE1 = {
						CreatedOnToolsVersion = 16.3;
						TestTargetID = F045AA832D7DE2B8009DECE1;
					};
				};
			};
			buildConfigurationList = F045AA7F2D7DE2B8009DECE1 /* Build configuration list for PBXProject "WildSparks" */;
			developmentRegion = en;
			hasScannedForEncodings = 0;
			knownRegions = (
				en,
				Base,
			);
			mainGroup = F045AA7B2D7DE2B8009DECE1;
			minimizedProjectReferenceProxies = 1;
			preferredProjectObjectVersion = 77;
			productRefGroup = F045AA852D7DE2B8009DECE1 /* Products */;
			projectDirPath = "";
			projectRoot = "";
			targets = (
				F045AA832D7DE2B8009DECE1 /* WildSparks */,
				F045AA912D7DE2BA009DECE1 /* WildSparksTests */,
				F045AA9B2D7DE2BA009DECE1 /* WildSparksUITests */,
			);
		};
/* End PBXProject section */

/* Begin PBXResourcesBuildPhase section */
		F045AA822D7DE2B8009DECE1 /* Resources */ = {
			isa = PBXResourcesBuildPhase;
			buildActionMask = 2147483647;
			files = (
			);
			runOnlyForDeploymentPostprocessing = 0;
		};
		F045AA902D7DE2BA009DECE1 /* Resources */ = {
			isa = PBXResourcesBuildPhase;
			buildActionMask = 2147483647;
			files = (
			);
			runOnlyForDeploymentPostprocessing = 0;
		};
		F045AA9A2D7DE2BA009DECE1 /* Resources */ = {
			isa = PBXResourcesBuildPhase;
			buildActionMask = 2147483647;
			files = (
			);
			runOnlyForDeploymentPostprocessing = 0;
		};
/* End PBXResourcesBuildPhase section */

/* Begin PBXSourcesBuildPhase section */
		F045AA802D7DE2B8009DECE1 /* Sources */ = {
			isa = PBXSourcesBuildPhase;
			buildActionMask = 2147483647;
			files = (
			);
			runOnlyForDeploymentPostprocessing = 0;
		};
		F045AA8E2D7DE2BA009DECE1 /* Sources */ = {
			isa = PBXSourcesBuildPhase;
			buildActionMask = 2147483647;
			files = (
			);
			runOnlyForDeploymentPostprocessing = 0;
		};
		F045AA982D7DE2BA009DECE1 /* Sources */ = {
			isa = PBXSourcesBuildPhase;
			buildActionMask = 2147483647;
			files = (
			);
			runOnlyForDeploymentPostprocessing = 0;
		};
/* End PBXSourcesBuildPhase section */

/* Begin PBXTargetDependency section */
		F045AA942D7DE2BA009DECE1 /* PBXTargetDependency */ = {
			isa = PBXTargetDependency;
			target = F045AA832D7DE2B8009DECE1 /* WildSparks */;
			targetProxy = F045AA932D7DE2BA009DECE1 /* PBXContainerItemProxy */;
		};
		F045AA9E2D7DE2BA009DECE1 /* PBXTargetDependency */ = {
			isa = PBXTargetDependency;
			target = F045AA832D7DE2B8009DECE1 /* WildSparks */;
			targetProxy = F045AA9D2D7DE2BA009DECE1 /* PBXContainerItemProxy */;
		};
/* End PBXTargetDependency section */

/* Begin XCBuildConfiguration section */
		F045AAA42D7DE2BA009DECE1 /* Debug */ = {
			isa = XCBuildConfiguration;
			buildSettings = {
				ALWAYS_SEARCH_USER_PATHS = NO;
				ASSETCATALOG_COMPILER_GENERATE_SWIFT_ASSET_SYMBOL_EXTENSIONS = YES;
				CLANG_ANALYZER_NONNULL = YES;
				CLANG_ANALYZER_NUMBER_OBJECT_CONVERSION = YES_AGGRESSIVE;
				CLANG_CXX_LANGUAGE_STANDARD = "gnu++20";
				CLANG_ENABLE_MODULES = YES;
				CLANG_ENABLE_OBJC_ARC = YES;
				CLANG_ENABLE_OBJC_WEAK = YES;
				CLANG_WARN_BLOCK_CAPTURE_AUTORELEASING = YES;
				CLANG_WARN_BOOL_CONVERSION = YES;
				CLANG_WARN_COMMA = YES;
				CLANG_WARN_CONSTANT_CONVERSION = YES;
				CLANG_WARN_DEPRECATED_OBJC_IMPLEMENTATIONS = YES;
				CLANG_WARN_DIRECT_OBJC_ISA_USAGE = YES_ERROR;
				CLANG_WARN_DOCUMENTATION_COMMENTS = YES;
				CLANG_WARN_EMPTY_BODY = YES;
				CLANG_WARN_ENUM_CONVERSION = YES;
				CLANG_WARN_INFINITE_RECURSION = YES;
				CLANG_WARN_INT_CONVERSION = YES;
				CLANG_WARN_NON_LITERAL_NULL_CONVERSION = YES;
				CLANG_WARN_OBJC_IMPLICIT_RETAIN_SELF = YES;
				CLANG_WARN_OBJC_LITERAL_CONVERSION = YES;
				CLANG_WARN_OBJC_ROOT_CLASS = YES_ERROR;
				CLANG_WARN_QUOTED_INCLUDE_IN_FRAMEWORK_HEADER = YES;
				CLANG_WARN_RANGE_LOOP_ANALYSIS = YES;
				CLANG_WARN_STRICT_PROTOTYPES = YES;
				CLANG_WARN_SUSPICIOUS_MOVE = YES;
				CLANG_WARN_UNGUARDED_AVAILABILITY = YES_AGGRESSIVE;
				CLANG_WARN_UNREACHABLE_CODE = YES;
				CLANG_WARN__DUPLICATE_METHOD_MATCH = YES;
				COPY_PHASE_STRIP = NO;
				DEBUG_INFORMATION_FORMAT = dwarf;
				DEVELOPMENT_TEAM = QC9F6DAU9F;
				ENABLE_STRICT_OBJC_MSGSEND = YES;
				ENABLE_TESTABILITY = YES;
				ENABLE_USER_SCRIPT_SANDBOXING = YES;
				GCC_C_LANGUAGE_STANDARD = gnu17;
				GCC_DYNAMIC_NO_PIC = NO;
				GCC_NO_COMMON_BLOCKS = YES;
				GCC_OPTIMIZATION_LEVEL = 0;
				GCC_PREPROCESSOR_DEFINITIONS = (
					"DEBUG=1",
					"$(inherited)",
				);
				GCC_WARN_64_TO_32_BIT_CONVERSION = YES;
				GCC_WARN_ABOUT_RETURN_TYPE = YES_ERROR;
				GCC_WARN_UNDECLARED_SELECTOR = YES;
				GCC_WARN_UNINITIALIZED_AUTOS = YES_AGGRESSIVE;
				GCC_WARN_UNUSED_FUNCTION = YES;
				GCC_WARN_UNUSED_VARIABLE = YES;
				LOCALIZATION_PREFERS_STRING_CATALOGS = YES;
				MTL_ENABLE_DEBUG_INFO = INCLUDE_SOURCE;
				MTL_FAST_MATH = YES;
				ONLY_ACTIVE_ARCH = YES;
				SWIFT_ACTIVE_COMPILATION_CONDITIONS = "DEBUG $(inherited)";
				SWIFT_OPTIMIZATION_LEVEL = "-Onone";
			};
			name = Debug;
		};
		F045AAA52D7DE2BA009DECE1 /* Release */ = {
			isa = XCBuildConfiguration;
			buildSettings = {
				ALWAYS_SEARCH_USER_PATHS = NO;
				ASSETCATALOG_COMPILER_GENERATE_SWIFT_ASSET_SYMBOL_EXTENSIONS = YES;
				CLANG_ANALYZER_NONNULL = YES;
				CLANG_ANALYZER_NUMBER_OBJECT_CONVERSION = YES_AGGRESSIVE;
				CLANG_CXX_LANGUAGE_STANDARD = "gnu++20";
				CLANG_ENABLE_MODULES = YES;
				CLANG_ENABLE_OBJC_ARC = YES;
				CLANG_ENABLE_OBJC_WEAK = YES;
				CLANG_WARN_BLOCK_CAPTURE_AUTORELEASING = YES;
				CLANG_WARN_BOOL_CONVERSION = YES;
				CLANG_WARN_COMMA = YES;
				CLANG_WARN_CONSTANT_CONVERSION = YES;
				CLANG_WARN_DEPRECATED_OBJC_IMPLEMENTATIONS = YES;
				CLANG_WARN_DIRECT_OBJC_ISA_USAGE = YES_ERROR;
				CLANG_WARN_DOCUMENTATION_COMMENTS = YES;
				CLANG_WARN_EMPTY_BODY = YES;
				CLANG_WARN_ENUM_CONVERSION = YES;
				CLANG_WARN_INFINITE_RECURSION = YES;
				CLANG_WARN_INT_CONVERSION = YES;
				CLANG_WARN_NON_LITERAL_NULL_CONVERSION = YES;
				CLANG_WARN_OBJC_IMPLICIT_RETAIN_SELF = YES;
				CLANG_WARN_OBJC_LITERAL_CONVERSION = YES;
				CLANG_WARN_OBJC_ROOT_CLASS = YES_ERROR;
				CLANG_WARN_QUOTED_INCLUDE_IN_FRAMEWORK_HEADER = YES;
				CLANG_WARN_RANGE_LOOP_ANALYSIS = YES;
				CLANG_WARN_STRICT_PROTOTYPES = YES;
				CLANG_WARN_SUSPICIOUS_MOVE = YES;
				CLANG_WARN_UNGUARDED_AVAILABILITY = YES_AGGRESSIVE;
				CLANG_WARN_UNREACHABLE_CODE = YES;
				CLANG_WARN__DUPLICATE_METHOD_MATCH = YES;
				COPY_PHASE_STRIP = NO;
				DEBUG_INFORMATION_FORMAT = "dwarf-with-dsym";
				DEVELOPMENT_TEAM = QC9F6DAU9F;
				ENABLE_NS_ASSERTIONS = NO;
				ENABLE_STRICT_OBJC_MSGSEND = YES;
				ENABLE_USER_SCRIPT_SANDBOXING = YES;
				GCC_C_LANGUAGE_STANDARD = gnu17;
				GCC_NO_COMMON_BLOCKS = YES;
				GCC_WARN_64_TO_32_BIT_CONVERSION = YES;
				GCC_WARN_ABOUT_RETURN_TYPE = YES_ERROR;
				GCC_WARN_UNDECLARED_SELECTOR = YES;
				GCC_WARN_UNINITIALIZED_AUTOS = YES_AGGRESSIVE;
				GCC_WARN_UNUSED_FUNCTION = YES;
				GCC_WARN_UNUSED_VARIABLE = YES;
				LOCALIZATION_PREFERS_STRING_CATALOGS = YES;
				MTL_ENABLE_DEBUG_INFO = NO;
				MTL_FAST_MATH = YES;
				SWIFT_COMPILATION_MODE = wholemodule;
			};
			name = Release;
		};
		F045AAA72D7DE2BA009DECE1 /* Debug */ = {
			isa = XCBuildConfiguration;
			buildSettings = {
				ASSETCATALOG_COMPILER_APPICON_NAME = AppIcon;
				ASSETCATALOG_COMPILER_GLOBAL_ACCENT_COLOR_NAME = AccentColor;
				CODE_SIGN_ENTITLEMENTS = WildSparks/WildSparks.entitlements;
				CODE_SIGN_STYLE = Automatic;
				CURRENT_PROJECT_VERSION = 1;
				DEVELOPMENT_TEAM = QC9F6DAU9F;
				ENABLE_HARDENED_RUNTIME = YES;
				ENABLE_PREVIEWS = YES;
				GENERATE_INFOPLIST_FILE = YES;
				INFOPLIST_FILE = WildSparks/Info.plist;
				INFOPLIST_KEY_LSApplicationCategoryType = "public.app-category.lifestyle";
				INFOPLIST_KEY_NSLocationWhenInUseUsageDescription = "WildSpark needs your location to find nearby users for flirting and connecting in real time.";
				"INFOPLIST_KEY_UIApplicationSceneManifest_Generation[sdk=iphoneos*]" = YES;
				"INFOPLIST_KEY_UIApplicationSceneManifest_Generation[sdk=iphonesimulator*]" = YES;
				"INFOPLIST_KEY_UIApplicationSupportsIndirectInputEvents[sdk=iphoneos*]" = YES;
				"INFOPLIST_KEY_UIApplicationSupportsIndirectInputEvents[sdk=iphonesimulator*]" = YES;
				"INFOPLIST_KEY_UILaunchScreen_Generation[sdk=iphoneos*]" = YES;
				"INFOPLIST_KEY_UILaunchScreen_Generation[sdk=iphonesimulator*]" = YES;
				INFOPLIST_KEY_UIRequiresFullScreen = YES;
				INFOPLIST_KEY_UIStatusBarStyle = "";
				"INFOPLIST_KEY_UIStatusBarStyle[sdk=iphoneos*]" = UIStatusBarStyleDefault;
				"INFOPLIST_KEY_UIStatusBarStyle[sdk=iphonesimulator*]" = UIStatusBarStyleDefault;
				INFOPLIST_KEY_UISupportedInterfaceOrientations = UIInterfaceOrientationPortrait;
				IPHONEOS_DEPLOYMENT_TARGET = 18.0;
				LD_RUNPATH_SEARCH_PATHS = "@executable_path/Frameworks";
				"LD_RUNPATH_SEARCH_PATHS[sdk=macosx*]" = "@executable_path/../Frameworks";
				MACOSX_DEPLOYMENT_TARGET = 15.4;
				MARKETING_VERSION = 1.0;
				PRODUCT_BUNDLE_IDENTIFIER = teak.WildSparks;
				PRODUCT_NAME = "$(TARGET_NAME)";
				REGISTER_APP_GROUPS = YES;
				SDKROOT = auto;
				SUPPORTED_PLATFORMS = "iphoneos iphonesimulator";
				SUPPORTS_MACCATALYST = NO;
				SWIFT_EMIT_LOC_STRINGS = YES;
				SWIFT_VERSION = 5.0;
				TARGETED_DEVICE_FAMILY = "1,2";
				XROS_DEPLOYMENT_TARGET = 2.4;
			};
			name = Debug;
		};
		F045AAA82D7DE2BA009DECE1 /* Release */ = {
			isa = XCBuildConfiguration;
			buildSettings = {
				ASSETCATALOG_COMPILER_APPICON_NAME = AppIcon;
				ASSETCATALOG_COMPILER_GLOBAL_ACCENT_COLOR_NAME = AccentColor;
				CODE_SIGN_ENTITLEMENTS = WildSparks/WildSparks.entitlements;
				CODE_SIGN_STYLE = Automatic;
				CURRENT_PROJECT_VERSION = 1;
				DEVELOPMENT_TEAM = QC9F6DAU9F;
				ENABLE_HARDENED_RUNTIME = YES;
				ENABLE_PREVIEWS = YES;
				GENERATE_INFOPLIST_FILE = YES;
				INFOPLIST_FILE = WildSparks/Info.plist;
				INFOPLIST_KEY_LSApplicationCategoryType = "public.app-category.lifestyle";
				INFOPLIST_KEY_NSLocationWhenInUseUsageDescription = "WildSpark needs your location to find nearby users for flirting and connecting in real time.";
				"INFOPLIST_KEY_UIApplicationSceneManifest_Generation[sdk=iphoneos*]" = YES;
				"INFOPLIST_KEY_UIApplicationSceneManifest_Generation[sdk=iphonesimulator*]" = YES;
				"INFOPLIST_KEY_UIApplicationSupportsIndirectInputEvents[sdk=iphoneos*]" = YES;
				"INFOPLIST_KEY_UIApplicationSupportsIndirectInputEvents[sdk=iphonesimulator*]" = YES;
				"INFOPLIST_KEY_UILaunchScreen_Generation[sdk=iphoneos*]" = YES;
				"INFOPLIST_KEY_UILaunchScreen_Generation[sdk=iphonesimulator*]" = YES;
				INFOPLIST_KEY_UIRequiresFullScreen = YES;
				INFOPLIST_KEY_UIStatusBarStyle = "";
				"INFOPLIST_KEY_UIStatusBarStyle[sdk=iphoneos*]" = UIStatusBarStyleDefault;
				"INFOPLIST_KEY_UIStatusBarStyle[sdk=iphonesimulator*]" = UIStatusBarStyleDefault;
				INFOPLIST_KEY_UISupportedInterfaceOrientations = UIInterfaceOrientationPortrait;
				IPHONEOS_DEPLOYMENT_TARGET = 18.0;
				LD_RUNPATH_SEARCH_PATHS = "@executable_path/Frameworks";
				"LD_RUNPATH_SEARCH_PATHS[sdk=macosx*]" = "@executable_path/../Frameworks";
				MACOSX_DEPLOYMENT_TARGET = 15.4;
				MARKETING_VERSION = 1.0;
				PRODUCT_BUNDLE_IDENTIFIER = teak.WildSparks;
				PRODUCT_NAME = "$(TARGET_NAME)";
				REGISTER_APP_GROUPS = YES;
				SDKROOT = auto;
				SUPPORTED_PLATFORMS = "iphoneos iphonesimulator";
				SUPPORTS_MACCATALYST = NO;
				SWIFT_EMIT_LOC_STRINGS = YES;
				SWIFT_VERSION = 5.0;
				TARGETED_DEVICE_FAMILY = "1,2";
				XROS_DEPLOYMENT_TARGET = 2.4;
			};
			name = Release;
		};
		F045AAAA2D7DE2BA009DECE1 /* Debug */ = {
			isa = XCBuildConfiguration;
			buildSettings = {
				BUNDLE_LOADER = "$(TEST_HOST)";
				CODE_SIGN_STYLE = Automatic;
				CURRENT_PROJECT_VERSION = 1;
				DEVELOPMENT_TEAM = QC9F6DAU9F;
				GENERATE_INFOPLIST_FILE = YES;
				IPHONEOS_DEPLOYMENT_TARGET = 18.4;
				MACOSX_DEPLOYMENT_TARGET = 15.4;
				MARKETING_VERSION = 1.0;
				PRODUCT_BUNDLE_IDENTIFIER = teak.WildSparksTests;
				PRODUCT_NAME = "$(TARGET_NAME)";
				SDKROOT = auto;
				SUPPORTED_PLATFORMS = "iphoneos iphonesimulator macosx xros xrsimulator";
				SWIFT_EMIT_LOC_STRINGS = NO;
				SWIFT_VERSION = 5.0;
				TARGETED_DEVICE_FAMILY = "1,2,7";
				TEST_HOST = "$(BUILT_PRODUCTS_DIR)/WildSparks.app/$(BUNDLE_EXECUTABLE_FOLDER_PATH)/WildSparks";
				XROS_DEPLOYMENT_TARGET = 2.4;
			};
			name = Debug;
		};
		F045AAAB2D7DE2BA009DECE1 /* Release */ = {
			isa = XCBuildConfiguration;
			buildSettings = {
				BUNDLE_LOADER = "$(TEST_HOST)";
				CODE_SIGN_STYLE = Automatic;
				CURRENT_PROJECT_VERSION = 1;
				DEVELOPMENT_TEAM = QC9F6DAU9F;
				GENERATE_INFOPLIST_FILE = YES;
				IPHONEOS_DEPLOYMENT_TARGET = 18.4;
				MACOSX_DEPLOYMENT_TARGET = 15.4;
				MARKETING_VERSION = 1.0;
				PRODUCT_BUNDLE_IDENTIFIER = teak.WildSparksTests;
				PRODUCT_NAME = "$(TARGET_NAME)";
				SDKROOT = auto;
				SUPPORTED_PLATFORMS = "iphoneos iphonesimulator macosx xros xrsimulator";
				SWIFT_EMIT_LOC_STRINGS = NO;
				SWIFT_VERSION = 5.0;
				TARGETED_DEVICE_FAMILY = "1,2,7";
				TEST_HOST = "$(BUILT_PRODUCTS_DIR)/WildSparks.app/$(BUNDLE_EXECUTABLE_FOLDER_PATH)/WildSparks";
				XROS_DEPLOYMENT_TARGET = 2.4;
			};
			name = Release;
		};
		F045AAAD2D7DE2BA009DECE1 /* Debug */ = {
			isa = XCBuildConfiguration;
			buildSettings = {
				CODE_SIGN_STYLE = Automatic;
				CURRENT_PROJECT_VERSION = 1;
				DEVELOPMENT_TEAM = QC9F6DAU9F;
				GENERATE_INFOPLIST_FILE = YES;
				IPHONEOS_DEPLOYMENT_TARGET = 18.4;
				MACOSX_DEPLOYMENT_TARGET = 15.4;
				MARKETING_VERSION = 1.0;
				PRODUCT_BUNDLE_IDENTIFIER = teak.WildSparksUITests;
				PRODUCT_NAME = "$(TARGET_NAME)";
				SDKROOT = auto;
				SUPPORTED_PLATFORMS = "iphoneos iphonesimulator macosx xros xrsimulator";
				SWIFT_EMIT_LOC_STRINGS = NO;
				SWIFT_VERSION = 5.0;
				TARGETED_DEVICE_FAMILY = "1,2,7";
				TEST_TARGET_NAME = WildSparks;
				XROS_DEPLOYMENT_TARGET = 2.4;
			};
			name = Debug;
		};
		F045AAAE2D7DE2BA009DECE1 /* Release */ = {
			isa = XCBuildConfiguration;
			buildSettings = {
				CODE_SIGN_STYLE = Automatic;
				CURRENT_PROJECT_VERSION = 1;
				DEVELOPMENT_TEAM = QC9F6DAU9F;
				GENERATE_INFOPLIST_FILE = YES;
				IPHONEOS_DEPLOYMENT_TARGET = 18.4;
				MACOSX_DEPLOYMENT_TARGET = 15.4;
				MARKETING_VERSION = 1.0;
				PRODUCT_BUNDLE_IDENTIFIER = teak.WildSparksUITests;
				PRODUCT_NAME = "$(TARGET_NAME)";
				SDKROOT = auto;
				SUPPORTED_PLATFORMS = "iphoneos iphonesimulator macosx xros xrsimulator";
				SWIFT_EMIT_LOC_STRINGS = NO;
				SWIFT_VERSION = 5.0;
				TARGETED_DEVICE_FAMILY = "1,2,7";
				TEST_TARGET_NAME = WildSparks;
				XROS_DEPLOYMENT_TARGET = 2.4;
			};
			name = Release;
		};
/* End XCBuildConfiguration section */

/* Begin XCConfigurationList section */
		F045AA7F2D7DE2B8009DECE1 /* Build configuration list for PBXProject "WildSparks" */ = {
			isa = XCConfigurationList;
			buildConfigurations = (
				F045AAA42D7DE2BA009DECE1 /* Debug */,
				F045AAA52D7DE2BA009DECE1 /* Release */,
			);
			defaultConfigurationIsVisible = 0;
			defaultConfigurationName = Release;
		};
		F045AAA62D7DE2BA009DECE1 /* Build configuration list for PBXNativeTarget "WildSparks" */ = {
			isa = XCConfigurationList;
			buildConfigurations = (
				F045AAA72D7DE2BA009DECE1 /* Debug */,
				F045AAA82D7DE2BA009DECE1 /* Release */,
			);
			defaultConfigurationIsVisible = 0;
			defaultConfigurationName = Release;
		};
		F045AAA92D7DE2BA009DECE1 /* Build configuration list for PBXNativeTarget "WildSparksTests" */ = {
			isa = XCConfigurationList;
			buildConfigurations = (
				F045AAAA2D7DE2BA009DECE1 /* Debug */,
				F045AAAB2D7DE2BA009DECE1 /* Release */,
			);
			defaultConfigurationIsVisible = 0;
			defaultConfigurationName = Release;
		};
		F045AAAC2D7DE2BA009DECE1 /* Build configuration list for PBXNativeTarget "WildSparksUITests" */ = {
			isa = XCConfigurationList;
			buildConfigurations = (
				F045AAAD2D7DE2BA009DECE1 /* Debug */,
				F045AAAE2D7DE2BA009DECE1 /* Release */,
			);
			defaultConfigurationIsVisible = 0;
			defaultConfigurationName = Release;
		};
/* End XCConfigurationList section */
	};
	rootObject = F045AA7C2D7DE2B8009DECE1 /* Project object */;
}
